
Microsoft Visual Studio Solution File, Format Version 12.00
# Visual Studio Version 17
VisualStudioVersion = 17.4.33213.308
MinimumVisualStudioVersion = 10.0.40219.1
Project("{FAE04EC0-301F-11D3-BF4B-00C04F79EFBC}") = "ReportCreationTool", "ReportCreationTool\ReportCreationTool.csproj", "{CACFABD0-2DE6-4AF0-922D-3017F8FBF6E1}"
EndProject
Global
	GlobalSection(SolutionConfigurationPlatforms) = preSolution
		Debug|Any CPU = Debug|Any CPU
		Release|Any CPU = Release|Any CPU
	EndGlobalSection
	GlobalSection(ProjectConfigurationPlatforms) = postSolution
		{CACFABD0-2DE6-4AF0-922D-3017F8FBF6E1}.Debug|Any CPU.ActiveCfg = Debug|Any CPU
		{CACFABD0-2DE6-4AF0-922D-3017F8FBF6E1}.Debug|Any CPU.Build.0 = Debug|Any CPU
		{CACFABD0-2DE6-4AF0-922D-3017F8FBF6E1}.Release|Any CPU.ActiveCfg = Release|Any CPU
		{CACFABD0-2DE6-4AF0-922D-3017F8FBF6E1}.Release|Any CPU.Build.0 = Release|Any CPU
	EndGlobalSection
	GlobalSection(SolutionProperties) = preSolution
		HideSolutionNode = FALSE
	EndGlobalSection
	GlobalSection(ExtensibilityGlobals) = postSolution
		SolutionGuid = {D158058C-BC1D-4203-BEF5-9BD866EE223B}
	EndGlobalSection
EndGlobal
